
Microsoft Visual Studio Solution File, Format Version 12.00
# Visual Studio Version 16
VisualStudioVersion = 16.0.29418.71
MinimumVisualStudioVersion = 10.0.40219.1
Project("{FAE04EC0-301F-11D3-BF4B-00C04F79EFBC}") = "Mailbox", "Mailbox\Mailbox.csproj", "{57B06FBE-FD35-4140-8E55-4E3741FF8F0F}"
EndProject
Project("{FAE04EC0-301F-11D3-BF4B-00C04F79EFBC}") = "Mailbox.Tests", "Mailbox.Tests\Mailbox.Tests.csproj", "{A9BD082A-937D-4E35-84C4-FA2D84B6612C}"
EndProject
Global
	GlobalSection(SolutionConfigurationPlatforms) = preSolution
		Debug|Any CPU = Debug|Any CPU
		Release|Any CPU = Release|Any CPU
	EndGlobalSection
	GlobalSection(ProjectConfigurationPlatforms) = postSolution
		{57B06FBE-FD35-4140-8E55-4E3741FF8F0F}.Debug|Any CPU.ActiveCfg = Debug|Any CPU
		{57B06FBE-FD35-4140-8E55-4E3741FF8F0F}.Debug|Any CPU.Build.0 = Debug|Any CPU
		{57B06FBE-FD35-4140-8E55-4E3741FF8F0F}.Release|Any CPU.ActiveCfg = Release|Any CPU
		{57B06FBE-FD35-4140-8E55-4E3741FF8F0F}.Release|Any CPU.Build.0 = Release|Any CPU
		{A9BD082A-937D-4E35-84C4-FA2D84B6612C}.Debug|Any CPU.ActiveCfg = Debug|Any CPU
		{A9BD082A-937D-4E35-84C4-FA2D84B6612C}.Debug|Any CPU.Build.0 = Debug|Any CPU
		{A9BD082A-937D-4E35-84C4-FA2D84B6612C}.Release|Any CPU.ActiveCfg = Release|Any CPU
		{A9BD082A-937D-4E35-84C4-FA2D84B6612C}.Release|Any CPU.Build.0 = Release|Any CPU
	EndGlobalSection
	GlobalSection(SolutionProperties) = preSolution
		HideSolutionNode = FALSE
	EndGlobalSection
	GlobalSection(ExtensibilityGlobals) = postSolution
		SolutionGuid = {D89A4D3E-345F-4E4F-8AEF-321FAF2FCC3C}
	EndGlobalSection
EndGlobal
