
Microsoft Visual Studio Solution File, Format Version 12.00
# Visual Studio Version 16
VisualStudioVersion = 16.0.29326.143
MinimumVisualStudioVersion = 10.0.40219.1
Project("{FAE04EC0-301F-11D3-BF4B-00C04F79EFBC}") = "Lecture2019.10.08", "Lecture2019.10.08\Lecture2019.10.08.csproj", "{A60215FD-5D82-4D8E-BAD5-F57C6CE19870}"
EndProject
Global
	GlobalSection(SolutionConfigurationPlatforms) = preSolution
		Debug|Any CPU = Debug|Any CPU
		Release|Any CPU = Release|Any CPU
	EndGlobalSection
	GlobalSection(ProjectConfigurationPlatforms) = postSolution
		{A60215FD-5D82-4D8E-BAD5-F57C6CE19870}.Debug|Any CPU.ActiveCfg = Debug|Any CPU
		{A60215FD-5D82-4D8E-BAD5-F57C6CE19870}.Debug|Any CPU.Build.0 = Debug|Any CPU
		{A60215FD-5D82-4D8E-BAD5-F57C6CE19870}.Release|Any CPU.ActiveCfg = Release|Any CPU
		{A60215FD-5D82-4D8E-BAD5-F57C6CE19870}.Release|Any CPU.Build.0 = Release|Any CPU
	EndGlobalSection
	GlobalSection(SolutionProperties) = preSolution
		HideSolutionNode = FALSE
	EndGlobalSection
	GlobalSection(ExtensibilityGlobals) = postSolution
		SolutionGuid = {9E84C982-31D7-410D-A5AA-C763372A0CD7}
	EndGlobalSection
EndGlobal
